
Microsoft Visual Studio Solution File, Format Version 12.00
# Visual Studio Version 17
VisualStudioVersion = 17.14.37027.9 d17.14
MinimumVisualStudioVersion = 10.0.40219.1
Project("{2150E333-8FDC-42A3-9474-1A3956D46DE8}") = "Src", "Src", "{02EA681E-C7D8-13C7-8484-4AC65E1B71E8}"
EndProject
Project("{2150E333-8FDC-42A3-9474-1A3956D46DE8}") = "APIs", "APIs", "{DAD1186B-54D5-4F3C-8DD9-26212965D91C}"
EndProject
Project("{2150E333-8FDC-42A3-9474-1A3956D46DE8}") = "Core", "Core", "{2E0BA360-B3AB-4E82-B815-3FFD09A0FC19}"
EndProject
Project("{2150E333-8FDC-42A3-9474-1A3956D46DE8}") = "infrastructure", "infrastructure", "{96EC95CF-24EE-4B02-804C-01407B95B2D3}"
EndProject
Project("{2150E333-8FDC-42A3-9474-1A3956D46DE8}") = "Shared", "Shared", "{DA6B967F-4768-4B04-BC76-6892A9C28C41}"
EndProject
Project("{FAE04EC0-301F-11D3-BF4B-00C04F79EFBC}") = "ThreeCSchool.APIs", "ThreeCSchool.APIs\ThreeCSchool.APIs.csproj", "{CC7DC0A1-8766-4DB8-8BE3-A49BAE8BB049}"
EndProject
Project("{FAE04EC0-301F-11D3-BF4B-00C04F79EFBC}") = "ThreeCSchool.APIs.Controllers", "ThreeCSchool.APIs.Controllers\ThreeCSchool.APIs.Controllers.csproj", "{3B3586A1-E0DF-4D92-A020-4BADB65210E3}"
EndProject
Project("{FAE04EC0-301F-11D3-BF4B-00C04F79EFBC}") = "ThreeCSchool.Core.Domain", "ThreeCSchool.Core.Domain\ThreeCSchool.Core.Domain.csproj", "{41F1C4F3-0BD4-425D-8F0D-41DFD47CDC3F}"
EndProject
Project("{FAE04EC0-301F-11D3-BF4B-00C04F79EFBC}") = "ThreeCSchool.Core.Service.Abstraction", "ThreeCSchool.Core.Service.Abstraction\ThreeCSchool.Core.Service.Abstraction.csproj", "{F6DB088B-1D25-491E-AECC-C62A906A9E7C}"
EndProject
Project("{FAE04EC0-301F-11D3-BF4B-00C04F79EFBC}") = "ThreeCSchool.Core.Service", "ThreeCSchool.Core.Service\ThreeCSchool.Core.Service.csproj", "{13FD7BDF-9156-4664-9CCA-23CB1BFE00E1}"
EndProject
Project("{FAE04EC0-301F-11D3-BF4B-00C04F79EFBC}") = "ThreeCSchool.Infrastructure.Persistence", "ThreeCSchool.Infrastructure.Persistence\ThreeCSchool.Infrastructure.Persistence.csproj", "{27C81F49-B2DC-4B09-A829-F24FF17A169D}"
EndProject
Project("{FAE04EC0-301F-11D3-BF4B-00C04F79EFBC}") = "ThreeCSchool.Infrastructure", "ThreeCSchool.Infrastructure\ThreeCSchool.Infrastructure.csproj", "{EB27AEB9-B53A-4C6A-B001-DD88536D4F75}"
EndProject
Project("{FAE04EC0-301F-11D3-BF4B-00C04F79EFBC}") = "ThreeCSchool.Shared", "ThreeCSchool.Shared\ThreeCSchool.Shared.csproj", "{E51E939D-88A0-4B61-85FE-ECBB5CAD991A}"
EndProject
Global
	GlobalSection(SolutionConfigurationPlatforms) = preSolution
		Debug|Any CPU = Debug|Any CPU
		Release|Any CPU = Release|Any CPU
	EndGlobalSection
	GlobalSection(ProjectConfigurationPlatforms) = postSolution
		{CC7DC0A1-8766-4DB8-8BE3-A49BAE8BB049}.Debug|Any CPU.ActiveCfg = Debug|Any CPU
		{CC7DC0A1-8766-4DB8-8BE3-A49BAE8BB049}.Debug|Any CPU.Build.0 = Debug|Any CPU
		{CC7DC0A1-8766-4DB8-8BE3-A49BAE8BB049}.Release|Any CPU.ActiveCfg = Release|Any CPU
		{CC7DC0A1-8766-4DB8-8BE3-A49BAE8BB049}.Release|Any CPU.Build.0 = Release|Any CPU
		{3B3586A1-E0DF-4D92-A020-4BADB65210E3}.Debug|Any CPU.ActiveCfg = Debug|Any CPU
		{3B3586A1-E0DF-4D92-A020-4BADB65210E3}.Debug|Any CPU.Build.0 = Debug|Any CPU
		{3B3586A1-E0DF-4D92-A020-4BADB65210E3}.Release|Any CPU.ActiveCfg = Release|Any CPU
		{3B3586A1-E0DF-4D92-A020-4BADB65210E3}.Release|Any CPU.Build.0 = Release|Any CPU
		{41F1C4F3-0BD4-425D-8F0D-41DFD47CDC3F}.Debug|Any CPU.ActiveCfg = Debug|Any CPU
		{41F1C4F3-0BD4-425D-8F0D-41DFD47CDC3F}.Debug|Any CPU.Build.0 = Debug|Any CPU
		{41F1C4F3-0BD4-425D-8F0D-41DFD47CDC3F}.Release|Any CPU.ActiveCfg = Release|Any CPU
		{41F1C4F3-0BD4-425D-8F0D-41DFD47CDC3F}.Release|Any CPU.Build.0 = Release|Any CPU
		{F6DB088B-1D25-491E-AECC-C62A906A9E7C}.Debug|Any CPU.ActiveCfg = Debug|Any CPU
		{F6DB088B-1D25-491E-AECC-C62A906A9E7C}.Debug|Any CPU.Build.0 = Debug|Any CPU
		{F6DB088B-1D25-491E-AECC-C62A906A9E7C}.Release|Any CPU.ActiveCfg = Release|Any CPU
		{F6DB088B-1D25-491E-AECC-C62A906A9E7C}.Release|Any CPU.Build.0 = Release|Any CPU
		{13FD7BDF-9156-4664-9CCA-23CB1BFE00E1}.Debug|Any CPU.ActiveCfg = Debug|Any CPU
		{13FD7BDF-9156-4664-9CCA-23CB1BFE00E1}.Debug|Any CPU.Build.0 = Debug|Any CPU
		{13FD7BDF-9156-4664-9CCA-23CB1BFE00E1}.Release|Any CPU.ActiveCfg = Release|Any CPU
		{13FD7BDF-9156-4664-9CCA-23CB1BFE00E1}.Release|Any CPU.Build.0 = Release|Any CPU
		{27C81F49-B2DC-4B09-A829-F24FF17A169D}.Debug|Any CPU.ActiveCfg = Debug|Any CPU
		{27C81F49-B2DC-4B09-A829-F24FF17A169D}.Debug|Any CPU.Build.0 = Debug|Any CPU
		{27C81F49-B2DC-4B09-A829-F24FF17A169D}.Release|Any CPU.ActiveCfg = Release|Any CPU
		{27C81F49-B2DC-4B09-A829-F24FF17A169D}.Release|Any CPU.Build.0 = Release|Any CPU
		{EB27AEB9-B53A-4C6A-B001-DD88536D4F75}.Debug|Any CPU.ActiveCfg = Debug|Any CPU
		{EB27AEB9-B53A-4C6A-B001-DD88536D4F75}.Debug|Any CPU.Build.0 = Debug|Any CPU
		{EB27AEB9-B53A-4C6A-B001-DD88536D4F75}.Release|Any CPU.ActiveCfg = Release|Any CPU
		{EB27AEB9-B53A-4C6A-B001-DD88536D4F75}.Release|Any CPU.Build.0 = Release|Any CPU
		{E51E939D-88A0-4B61-85FE-ECBB5CAD991A}.Debug|Any CPU.ActiveCfg = Debug|Any CPU
		{E51E939D-88A0-4B61-85FE-ECBB5CAD991A}.Debug|Any CPU.Build.0 = Debug|Any CPU
		{E51E939D-88A0-4B61-85FE-ECBB5CAD991A}.Release|Any CPU.ActiveCfg = Release|Any CPU
		{E51E939D-88A0-4B61-85FE-ECBB5CAD991A}.Release|Any CPU.Build.0 = Release|Any CPU
	EndGlobalSection
	GlobalSection(SolutionProperties) = preSolution
		HideSolutionNode = FALSE
	EndGlobalSection
	GlobalSection(NestedProjects) = preSolution
		{DAD1186B-54D5-4F3C-8DD9-26212965D91C} = {02EA681E-C7D8-13C7-8484-4AC65E1B71E8}
		{2E0BA360-B3AB-4E82-B815-3FFD09A0FC19} = {02EA681E-C7D8-13C7-8484-4AC65E1B71E8}
		{96EC95CF-24EE-4B02-804C-01407B95B2D3} = {02EA681E-C7D8-13C7-8484-4AC65E1B71E8}
		{DA6B967F-4768-4B04-BC76-6892A9C28C41} = {02EA681E-C7D8-13C7-8484-4AC65E1B71E8}
		{CC7DC0A1-8766-4DB8-8BE3-A49BAE8BB049} = {DAD1186B-54D5-4F3C-8DD9-26212965D91C}
		{3B3586A1-E0DF-4D92-A020-4BADB65210E3} = {DAD1186B-54D5-4F3C-8DD9-26212965D91C}
		{41F1C4F3-0BD4-425D-8F0D-41DFD47CDC3F} = {2E0BA360-B3AB-4E82-B815-3FFD09A0FC19}
		{F6DB088B-1D25-491E-AECC-C62A906A9E7C} = {2E0BA360-B3AB-4E82-B815-3FFD09A0FC19}
		{13FD7BDF-9156-4664-9CCA-23CB1BFE00E1} = {2E0BA360-B3AB-4E82-B815-3FFD09A0FC19}
		{27C81F49-B2DC-4B09-A829-F24FF17A169D} = {96EC95CF-24EE-4B02-804C-01407B95B2D3}
		{EB27AEB9-B53A-4C6A-B001-DD88536D4F75} = {96EC95CF-24EE-4B02-804C-01407B95B2D3}
		{E51E939D-88A0-4B61-85FE-ECBB5CAD991A} = {DA6B967F-4768-4B04-BC76-6892A9C28C41}
	EndGlobalSection
	GlobalSection(ExtensibilityGlobals) = postSolution
		SolutionGuid = {3E1448BA-3AAE-4F80-88FE-D0672464A44D}
	EndGlobalSection
EndGlobal
